
Microsoft Visual Studio Solution File, Format Version 12.00
Project("{2150E333-8FDC-42A3-9474-1A3956D46DE8}") = "src", "src", "{07D36DAA-6684-4F18-867D-D69B1FAA2FDC}"
EndProject
Project("{2150E333-8FDC-42A3-9474-1A3956D46DE8}") = "Solution Items", "Solution Items", "{A9B4C11A-6599-4594-BE0F-41E77A8FA755}"
	ProjectSection(SolutionItems) = preProject
		.env.example = .env.example
		.envrc.example = .envrc.example
		docker-compose.yml = docker-compose.yml
		..\README.md = ..\README.md
		.env = .env
	EndProjectSection
EndProject
Project("{2150E333-8FDC-42A3-9474-1A3956D46DE8}") = "UserService", "UserService", "{C2D6DAB3-5209-410E-B796-B7E5EC569701}"
EndProject
Project("{FAE04EC0-301F-11D3-BF4B-00C04F79EFBC}") = "UserService.Domain", "src\UserService\UserService.Domain\UserService.Domain.csproj", "{69D7D351-1F2C-4B83-9D53-E768BABAD14A}"
EndProject
Project("{FAE04EC0-301F-11D3-BF4B-00C04F79EFBC}") = "UserService.Abstractions", "src\UserService\UserService.Abstractions\UserService.Abstractions.csproj", "{B8E3D435-0A7D-424E-9D6A-E479A8357EE4}"
EndProject
Project("{FAE04EC0-301F-11D3-BF4B-00C04F79EFBC}") = "UserService.Business", "src\UserService\UserService.Business\UserService.Business.csproj", "{11A10E65-12EC-49B0-AD67-DAB95F8A2E1A}"
EndProject
Project("{FAE04EC0-301F-11D3-BF4B-00C04F79EFBC}") = "UserService.Application", "src\UserService\UserService.Application\UserService.Application.csproj", "{5F472EBC-0262-4394-B208-9197C85C9D14}"
EndProject
Project("{FAE04EC0-301F-11D3-BF4B-00C04F79EFBC}") = "UserService.Infrastructure", "src\UserService\UserService.Infrastructure\UserService.Infrastructure.csproj", "{649C5D8D-4505-4DCC-BB32-988C739813C4}"
EndProject
Project("{FAE04EC0-301F-11D3-BF4B-00C04F79EFBC}") = "UserService.Migrations", "src\UserService\UserService.Migrations\UserService.Migrations.csproj", "{67B22D90-0DFD-4B0E-9360-F7B8B6B243A6}"
EndProject
Project("{2150E333-8FDC-42A3-9474-1A3956D46DE8}") = "FinanceService", "FinanceService", "{3D95E149-E35C-4B67-AA25-E2FB27E1731D}"
EndProject
Project("{FAE04EC0-301F-11D3-BF4B-00C04F79EFBC}") = "FinanceService.Domain", "src\FinanceService\FinanceService.Domain\FinanceService.Domain.csproj", "{055DCAC4-E868-47F1-B2E4-898BA63507B7}"
EndProject
Project("{FAE04EC0-301F-11D3-BF4B-00C04F79EFBC}") = "FinanceService.Abstractions", "src\FinanceService\FinanceService.Abstractions\FinanceService.Abstractions.csproj", "{CFFCB0C1-7600-4150-AF85-96D0F11898B7}"
EndProject
Project("{FAE04EC0-301F-11D3-BF4B-00C04F79EFBC}") = "FinanceService.Business", "src\FinanceService\FinanceService.Business\FinanceService.Business.csproj", "{7D873D8B-7A9C-4690-BE55-5D18D9B7E942}"
EndProject
Project("{FAE04EC0-301F-11D3-BF4B-00C04F79EFBC}") = "FinanceService.Application", "src\FinanceService\FinanceService.Application\FinanceService.Application.csproj", "{2E9C38F2-8F7F-4D84-A905-0AE81E90B25A}"
EndProject
Project("{FAE04EC0-301F-11D3-BF4B-00C04F79EFBC}") = "FinanceService.Infrastructure", "src\FinanceService\FinanceService.Infrastructure\FinanceService.Infrastructure.csproj", "{027CCF4E-B3FD-4165-8A7D-7E46C83F5543}"
EndProject
Project("{2150E333-8FDC-42A3-9474-1A3956D46DE8}") = "MigrationService", "MigrationService", "{558CC3BB-6435-40A5-947D-639F6A66881E}"
EndProject
Project("{FAE04EC0-301F-11D3-BF4B-00C04F79EFBC}") = "MigrationService", "src\MigrationService\MigrationService\MigrationService.csproj", "{A00A9514-32DB-42D1-BE64-28B43E7B9FF7}"
EndProject
Project("{FAE04EC0-301F-11D3-BF4B-00C04F79EFBC}") = "FinanceService.Migrations", "src\FinanceService\FinanceService.Migrations\FinanceService.Migrations.csproj", "{AE397592-B00B-47B9-8A58-3BF4C6811F48}"
EndProject
Project("{2150E333-8FDC-42A3-9474-1A3956D46DE8}") = "Common", "Common", "{7852B2D0-E0A7-4A0C-9CA7-F8978B73A0BA}"
EndProject
Project("{FAE04EC0-301F-11D3-BF4B-00C04F79EFBC}") = "UserFinance.Common", "src\Shared\UserFinance.Common\UserFinance.Common.csproj", "{6D8DB067-4157-430A-976A-E382A92502A2}"
EndProject
Project("{FAE04EC0-301F-11D3-BF4B-00C04F79EFBC}") = "UserService.Api", "src\UserService\UserService.Api\UserService.Api.csproj", "{876C61E7-2DC3-4DA2-AB34-1366359BE58F}"
EndProject
Project("{FAE04EC0-301F-11D3-BF4B-00C04F79EFBC}") = "FinanceService.Api", "src\FinanceService\FinanceService.Api\FinanceService.Api.csproj", "{1A32606C-49F9-4BEF-833F-58CB77011AFE}"
EndProject
Project("{2150E333-8FDC-42A3-9474-1A3956D46DE8}") = "CurrencyUpdater", "CurrencyUpdater", "{D1FB9BB2-40DE-CE89-C69D-08B3AE6579B8}"
EndProject
Project("{FAE04EC0-301F-11D3-BF4B-00C04F79EFBC}") = "CurrencyUpdater.Application", "src\CurrencyUpdater\CurrencyUpdater.Application\CurrencyUpdater.Application.csproj", "{67CE00C9-0FC3-48AC-AA9B-28F868F2813D}"
EndProject
Project("{FAE04EC0-301F-11D3-BF4B-00C04F79EFBC}") = "CurrencyUpdater.Infrastructure", "src\CurrencyUpdater\CurrencyUpdater.Infrastructure\CurrencyUpdater.Infrastructure.csproj", "{3929779B-2DCC-483D-B3FE-51953DF6B70C}"
EndProject
Project("{FAE04EC0-301F-11D3-BF4B-00C04F79EFBC}") = "CurrencyUpdater.Worker", "src\CurrencyUpdater\CurrencyUpdater.Worker\CurrencyUpdater.Worker.csproj", "{1F7B5F27-EC2B-4C4B-8EE7-5E114DEC5210}"
EndProject
Project("{2150E333-8FDC-42A3-9474-1A3956D46DE8}") = "ApiGateway", "ApiGateway", "{4D3DA985-7E19-4C20-950B-6AAA8B1413DA}"
EndProject
Project("{FAE04EC0-301F-11D3-BF4B-00C04F79EFBC}") = "ApiGateway", "src\ApiGateway\ApiGateway\ApiGateway.csproj", "{C555C3CF-7F6F-4D04-8E1C-0C947BB60F8D}"
EndProject
Project("{2150E333-8FDC-42A3-9474-1A3956D46DE8}") = "tests", "tests", "{0AB3BF05-4346-4AA6-1389-037BE0695223}"
EndProject
Project("{FAE04EC0-301F-11D3-BF4B-00C04F79EFBC}") = "FinanceService.Tests", "tests\FinanceService.Tests\FinanceService.Tests.csproj", "{3935DC8C-33D8-4706-8E21-371842E677AC}"
EndProject
Project("{FAE04EC0-301F-11D3-BF4B-00C04F79EFBC}") = "UserService.Tests", "tests\UserService.Tests\UserService.Tests.csproj", "{B3FB99B7-6FA8-433B-815F-EA1C8E1468E1}"
EndProject
Project("{FAE04EC0-301F-11D3-BF4B-00C04F79EFBC}") = "CurrencyUpdater.Tests", "tests\CurrencyUpdater.Tests\CurrencyUpdater.Tests.csproj", "{16F2214B-B20A-4156-B34C-B3678174449E}"
EndProject
Global
	GlobalSection(SolutionConfigurationPlatforms) = preSolution
		Debug|Any CPU = Debug|Any CPU
		Debug|x64 = Debug|x64
		Debug|x86 = Debug|x86
		Release|Any CPU = Release|Any CPU
		Release|x64 = Release|x64
		Release|x86 = Release|x86
	EndGlobalSection
	GlobalSection(ProjectConfigurationPlatforms) = postSolution
		{69D7D351-1F2C-4B83-9D53-E768BABAD14A}.Debug|Any CPU.ActiveCfg = Debug|Any CPU
		{69D7D351-1F2C-4B83-9D53-E768BABAD14A}.Debug|Any CPU.Build.0 = Debug|Any CPU
		{69D7D351-1F2C-4B83-9D53-E768BABAD14A}.Debug|x64.ActiveCfg = Debug|Any CPU
		{69D7D351-1F2C-4B83-9D53-E768BABAD14A}.Debug|x64.Build.0 = Debug|Any CPU
		{69D7D351-1F2C-4B83-9D53-E768BABAD14A}.Debug|x86.ActiveCfg = Debug|Any CPU
		{69D7D351-1F2C-4B83-9D53-E768BABAD14A}.Debug|x86.Build.0 = Debug|Any CPU
		{69D7D351-1F2C-4B83-9D53-E768BABAD14A}.Release|Any CPU.ActiveCfg = Release|Any CPU
		{69D7D351-1F2C-4B83-9D53-E768BABAD14A}.Release|Any CPU.Build.0 = Release|Any CPU
		{69D7D351-1F2C-4B83-9D53-E768BABAD14A}.Release|x64.ActiveCfg = Release|Any CPU
		{69D7D351-1F2C-4B83-9D53-E768BABAD14A}.Release|x64.Build.0 = Release|Any CPU
		{69D7D351-1F2C-4B83-9D53-E768BABAD14A}.Release|x86.ActiveCfg = Release|Any CPU
		{69D7D351-1F2C-4B83-9D53-E768BABAD14A}.Release|x86.Build.0 = Release|Any CPU
		{B8E3D435-0A7D-424E-9D6A-E479A8357EE4}.Debug|Any CPU.ActiveCfg = Debug|Any CPU
		{B8E3D435-0A7D-424E-9D6A-E479A8357EE4}.Debug|Any CPU.Build.0 = Debug|Any CPU
		{B8E3D435-0A7D-424E-9D6A-E479A8357EE4}.Debug|x64.ActiveCfg = Debug|Any CPU
		{B8E3D435-0A7D-424E-9D6A-E479A8357EE4}.Debug|x64.Build.0 = Debug|Any CPU
		{B8E3D435-0A7D-424E-9D6A-E479A8357EE4}.Debug|x86.ActiveCfg = Debug|Any CPU
		{B8E3D435-0A7D-424E-9D6A-E479A8357EE4}.Debug|x86.Build.0 = Debug|Any CPU
		{B8E3D435-0A7D-424E-9D6A-E479A8357EE4}.Release|Any CPU.ActiveCfg = Release|Any CPU
		{B8E3D435-0A7D-424E-9D6A-E479A8357EE4}.Release|Any CPU.Build.0 = Release|Any CPU
		{B8E3D435-0A7D-424E-9D6A-E479A8357EE4}.Release|x64.ActiveCfg = Release|Any CPU
		{B8E3D435-0A7D-424E-9D6A-E479A8357EE4}.Release|x64.Build.0 = Release|Any CPU
		{B8E3D435-0A7D-424E-9D6A-E479A8357EE4}.Release|x86.ActiveCfg = Release|Any CPU
		{B8E3D435-0A7D-424E-9D6A-E479A8357EE4}.Release|x86.Build.0 = Release|Any CPU
		{11A10E65-12EC-49B0-AD67-DAB95F8A2E1A}.Debug|Any CPU.ActiveCfg = Debug|Any CPU
		{11A10E65-12EC-49B0-AD67-DAB95F8A2E1A}.Debug|Any CPU.Build.0 = Debug|Any CPU
		{11A10E65-12EC-49B0-AD67-DAB95F8A2E1A}.Debug|x64.ActiveCfg = Debug|Any CPU
		{11A10E65-12EC-49B0-AD67-DAB95F8A2E1A}.Debug|x64.Build.0 = Debug|Any CPU
		{11A10E65-12EC-49B0-AD67-DAB95F8A2E1A}.Debug|x86.ActiveCfg = Debug|Any CPU
		{11A10E65-12EC-49B0-AD67-DAB95F8A2E1A}.Debug|x86.Build.0 = Debug|Any CPU
		{11A10E65-12EC-49B0-AD67-DAB95F8A2E1A}.Release|Any CPU.ActiveCfg = Release|Any CPU
		{11A10E65-12EC-49B0-AD67-DAB95F8A2E1A}.Release|Any CPU.Build.0 = Release|Any CPU
		{11A10E65-12EC-49B0-AD67-DAB95F8A2E1A}.Release|x64.ActiveCfg = Release|Any CPU
		{11A10E65-12EC-49B0-AD67-DAB95F8A2E1A}.Release|x64.Build.0 = Release|Any CPU
		{11A10E65-12EC-49B0-AD67-DAB95F8A2E1A}.Release|x86.ActiveCfg = Release|Any CPU
		{11A10E65-12EC-49B0-AD67-DAB95F8A2E1A}.Release|x86.Build.0 = Release|Any CPU
		{5F472EBC-0262-4394-B208-9197C85C9D14}.Debug|Any CPU.ActiveCfg = Debug|Any CPU
		{5F472EBC-0262-4394-B208-9197C85C9D14}.Debug|Any CPU.Build.0 = Debug|Any CPU
		{5F472EBC-0262-4394-B208-9197C85C9D14}.Debug|x64.ActiveCfg = Debug|Any CPU
		{5F472EBC-0262-4394-B208-9197C85C9D14}.Debug|x64.Build.0 = Debug|Any CPU
		{5F472EBC-0262-4394-B208-9197C85C9D14}.Debug|x86.ActiveCfg = Debug|Any CPU
		{5F472EBC-0262-4394-B208-9197C85C9D14}.Debug|x86.Build.0 = Debug|Any CPU
		{5F472EBC-0262-4394-B208-9197C85C9D14}.Release|Any CPU.ActiveCfg = Release|Any CPU
		{5F472EBC-0262-4394-B208-9197C85C9D14}.Release|Any CPU.Build.0 = Release|Any CPU
		{5F472EBC-0262-4394-B208-9197C85C9D14}.Release|x64.ActiveCfg = Release|Any CPU
		{5F472EBC-0262-4394-B208-9197C85C9D14}.Release|x64.Build.0 = Release|Any CPU
		{5F472EBC-0262-4394-B208-9197C85C9D14}.Release|x86.ActiveCfg = Release|Any CPU
		{5F472EBC-0262-4394-B208-9197C85C9D14}.Release|x86.Build.0 = Release|Any CPU
		{649C5D8D-4505-4DCC-BB32-988C739813C4}.Debug|Any CPU.ActiveCfg = Debug|Any CPU
		{649C5D8D-4505-4DCC-BB32-988C739813C4}.Debug|Any CPU.Build.0 = Debug|Any CPU
		{649C5D8D-4505-4DCC-BB32-988C739813C4}.Debug|x64.ActiveCfg = Debug|Any CPU
		{649C5D8D-4505-4DCC-BB32-988C739813C4}.Debug|x64.Build.0 = Debug|Any CPU
		{649C5D8D-4505-4DCC-BB32-988C739813C4}.Debug|x86.ActiveCfg = Debug|Any CPU
		{649C5D8D-4505-4DCC-BB32-988C739813C4}.Debug|x86.Build.0 = Debug|Any CPU
		{649C5D8D-4505-4DCC-BB32-988C739813C4}.Release|Any CPU.ActiveCfg = Release|Any CPU
		{649C5D8D-4505-4DCC-BB32-988C739813C4}.Release|Any CPU.Build.0 = Release|Any CPU
		{649C5D8D-4505-4DCC-BB32-988C739813C4}.Release|x64.ActiveCfg = Release|Any CPU
		{649C5D8D-4505-4DCC-BB32-988C739813C4}.Release|x64.Build.0 = Release|Any CPU
		{649C5D8D-4505-4DCC-BB32-988C739813C4}.Release|x86.ActiveCfg = Release|Any CPU
		{649C5D8D-4505-4DCC-BB32-988C739813C4}.Release|x86.Build.0 = Release|Any CPU
		{67B22D90-0DFD-4B0E-9360-F7B8B6B243A6}.Debug|Any CPU.ActiveCfg = Debug|Any CPU
		{67B22D90-0DFD-4B0E-9360-F7B8B6B243A6}.Debug|Any CPU.Build.0 = Debug|Any CPU
		{67B22D90-0DFD-4B0E-9360-F7B8B6B243A6}.Debug|x64.ActiveCfg = Debug|Any CPU
		{67B22D90-0DFD-4B0E-9360-F7B8B6B243A6}.Debug|x64.Build.0 = Debug|Any CPU
		{67B22D90-0DFD-4B0E-9360-F7B8B6B243A6}.Debug|x86.ActiveCfg = Debug|Any CPU
		{67B22D90-0DFD-4B0E-9360-F7B8B6B243A6}.Debug|x86.Build.0 = Debug|Any CPU
		{67B22D90-0DFD-4B0E-9360-F7B8B6B243A6}.Release|Any CPU.ActiveCfg = Release|Any CPU
		{67B22D90-0DFD-4B0E-9360-F7B8B6B243A6}.Release|Any CPU.Build.0 = Release|Any CPU
		{67B22D90-0DFD-4B0E-9360-F7B8B6B243A6}.Release|x64.ActiveCfg = Release|Any CPU
		{67B22D90-0DFD-4B0E-9360-F7B8B6B243A6}.Release|x64.Build.0 = Release|Any CPU
		{67B22D90-0DFD-4B0E-9360-F7B8B6B243A6}.Release|x86.ActiveCfg = Release|Any CPU
		{67B22D90-0DFD-4B0E-9360-F7B8B6B243A6}.Release|x86.Build.0 = Release|Any CPU
		{055DCAC4-E868-47F1-B2E4-898BA63507B7}.Debug|Any CPU.ActiveCfg = Debug|Any CPU
		{055DCAC4-E868-47F1-B2E4-898BA63507B7}.Debug|Any CPU.Build.0 = Debug|Any CPU
		{055DCAC4-E868-47F1-B2E4-898BA63507B7}.Debug|x64.ActiveCfg = Debug|Any CPU
		{055DCAC4-E868-47F1-B2E4-898BA63507B7}.Debug|x64.Build.0 = Debug|Any CPU
		{055DCAC4-E868-47F1-B2E4-898BA63507B7}.Debug|x86.ActiveCfg = Debug|Any CPU
		{055DCAC4-E868-47F1-B2E4-898BA63507B7}.Debug|x86.Build.0 = Debug|Any CPU
		{055DCAC4-E868-47F1-B2E4-898BA63507B7}.Release|Any CPU.ActiveCfg = Release|Any CPU
		{055DCAC4-E868-47F1-B2E4-898BA63507B7}.Release|Any CPU.Build.0 = Release|Any CPU
		{055DCAC4-E868-47F1-B2E4-898BA63507B7}.Release|x64.ActiveCfg = Release|Any CPU
		{055DCAC4-E868-47F1-B2E4-898BA63507B7}.Release|x64.Build.0 = Release|Any CPU
		{055DCAC4-E868-47F1-B2E4-898BA63507B7}.Release|x86.ActiveCfg = Release|Any CPU
		{055DCAC4-E868-47F1-B2E4-898BA63507B7}.Release|x86.Build.0 = Release|Any CPU
		{CFFCB0C1-7600-4150-AF85-96D0F11898B7}.Debug|Any CPU.ActiveCfg = Debug|Any CPU
		{CFFCB0C1-7600-4150-AF85-96D0F11898B7}.Debug|Any CPU.Build.0 = Debug|Any CPU
		{CFFCB0C1-7600-4150-AF85-96D0F11898B7}.Debug|x64.ActiveCfg = Debug|Any CPU
		{CFFCB0C1-7600-4150-AF85-96D0F11898B7}.Debug|x64.Build.0 = Debug|Any CPU
		{CFFCB0C1-7600-4150-AF85-96D0F11898B7}.Debug|x86.ActiveCfg = Debug|Any CPU
		{CFFCB0C1-7600-4150-AF85-96D0F11898B7}.Debug|x86.Build.0 = Debug|Any CPU
		{CFFCB0C1-7600-4150-AF85-96D0F11898B7}.Release|Any CPU.ActiveCfg = Release|Any CPU
		{CFFCB0C1-7600-4150-AF85-96D0F11898B7}.Release|Any CPU.Build.0 = Release|Any CPU
		{CFFCB0C1-7600-4150-AF85-96D0F11898B7}.Release|x64.ActiveCfg = Release|Any CPU
		{CFFCB0C1-7600-4150-AF85-96D0F11898B7}.Release|x64.Build.0 = Release|Any CPU
		{CFFCB0C1-7600-4150-AF85-96D0F11898B7}.Release|x86.ActiveCfg = Release|Any CPU
		{CFFCB0C1-7600-4150-AF85-96D0F11898B7}.Release|x86.Build.0 = Release|Any CPU
		{7D873D8B-7A9C-4690-BE55-5D18D9B7E942}.Debug|Any CPU.ActiveCfg = Debug|Any CPU
		{7D873D8B-7A9C-4690-BE55-5D18D9B7E942}.Debug|Any CPU.Build.0 = Debug|Any CPU
		{7D873D8B-7A9C-4690-BE55-5D18D9B7E942}.Debug|x64.ActiveCfg = Debug|Any CPU
		{7D873D8B-7A9C-4690-BE55-5D18D9B7E942}.Debug|x64.Build.0 = Debug|Any CPU
		{7D873D8B-7A9C-4690-BE55-5D18D9B7E942}.Debug|x86.ActiveCfg = Debug|Any CPU
		{7D873D8B-7A9C-4690-BE55-5D18D9B7E942}.Debug|x86.Build.0 = Debug|Any CPU
		{7D873D8B-7A9C-4690-BE55-5D18D9B7E942}.Release|Any CPU.ActiveCfg = Release|Any CPU
		{7D873D8B-7A9C-4690-BE55-5D18D9B7E942}.Release|Any CPU.Build.0 = Release|Any CPU
		{7D873D8B-7A9C-4690-BE55-5D18D9B7E942}.Release|x64.ActiveCfg = Release|Any CPU
		{7D873D8B-7A9C-4690-BE55-5D18D9B7E942}.Release|x64.Build.0 = Release|Any CPU
		{7D873D8B-7A9C-4690-BE55-5D18D9B7E942}.Release|x86.ActiveCfg = Release|Any CPU
		{7D873D8B-7A9C-4690-BE55-5D18D9B7E942}.Release|x86.Build.0 = Release|Any CPU
		{2E9C38F2-8F7F-4D84-A905-0AE81E90B25A}.Debug|Any CPU.ActiveCfg = Debug|Any CPU
		{2E9C38F2-8F7F-4D84-A905-0AE81E90B25A}.Debug|Any CPU.Build.0 = Debug|Any CPU
		{2E9C38F2-8F7F-4D84-A905-0AE81E90B25A}.Debug|x64.ActiveCfg = Debug|Any CPU
		{2E9C38F2-8F7F-4D84-A905-0AE81E90B25A}.Debug|x64.Build.0 = Debug|Any CPU
		{2E9C38F2-8F7F-4D84-A905-0AE81E90B25A}.Debug|x86.ActiveCfg = Debug|Any CPU
		{2E9C38F2-8F7F-4D84-A905-0AE81E90B25A}.Debug|x86.Build.0 = Debug|Any CPU
		{2E9C38F2-8F7F-4D84-A905-0AE81E90B25A}.Release|Any CPU.ActiveCfg = Release|Any CPU
		{2E9C38F2-8F7F-4D84-A905-0AE81E90B25A}.Release|Any CPU.Build.0 = Release|Any CPU
		{2E9C38F2-8F7F-4D84-A905-0AE81E90B25A}.Release|x64.ActiveCfg = Release|Any CPU
		{2E9C38F2-8F7F-4D84-A905-0AE81E90B25A}.Release|x64.Build.0 = Release|Any CPU
		{2E9C38F2-8F7F-4D84-A905-0AE81E90B25A}.Release|x86.ActiveCfg = Release|Any CPU
		{2E9C38F2-8F7F-4D84-A905-0AE81E90B25A}.Release|x86.Build.0 = Release|Any CPU
		{027CCF4E-B3FD-4165-8A7D-7E46C83F5543}.Debug|Any CPU.ActiveCfg = Debug|Any CPU
		{027CCF4E-B3FD-4165-8A7D-7E46C83F5543}.Debug|Any CPU.Build.0 = Debug|Any CPU
		{027CCF4E-B3FD-4165-8A7D-7E46C83F5543}.Debug|x64.ActiveCfg = Debug|Any CPU
		{027CCF4E-B3FD-4165-8A7D-7E46C83F5543}.Debug|x64.Build.0 = Debug|Any CPU
		{027CCF4E-B3FD-4165-8A7D-7E46C83F5543}.Debug|x86.ActiveCfg = Debug|Any CPU
		{027CCF4E-B3FD-4165-8A7D-7E46C83F5543}.Debug|x86.Build.0 = Debug|Any CPU
		{027CCF4E-B3FD-4165-8A7D-7E46C83F5543}.Release|Any CPU.ActiveCfg = Release|Any CPU
		{027CCF4E-B3FD-4165-8A7D-7E46C83F5543}.Release|Any CPU.Build.0 = Release|Any CPU
		{027CCF4E-B3FD-4165-8A7D-7E46C83F5543}.Release|x64.ActiveCfg = Release|Any CPU
		{027CCF4E-B3FD-4165-8A7D-7E46C83F5543}.Release|x64.Build.0 = Release|Any CPU
		{027CCF4E-B3FD-4165-8A7D-7E46C83F5543}.Release|x86.ActiveCfg = Release|Any CPU
		{027CCF4E-B3FD-4165-8A7D-7E46C83F5543}.Release|x86.Build.0 = Release|Any CPU
		{A00A9514-32DB-42D1-BE64-28B43E7B9FF7}.Debug|Any CPU.ActiveCfg = Debug|Any CPU
		{A00A9514-32DB-42D1-BE64-28B43E7B9FF7}.Debug|Any CPU.Build.0 = Debug|Any CPU
		{A00A9514-32DB-42D1-BE64-28B43E7B9FF7}.Debug|x64.ActiveCfg = Debug|Any CPU
		{A00A9514-32DB-42D1-BE64-28B43E7B9FF7}.Debug|x64.Build.0 = Debug|Any CPU
		{A00A9514-32DB-42D1-BE64-28B43E7B9FF7}.Debug|x86.ActiveCfg = Debug|Any CPU
		{A00A9514-32DB-42D1-BE64-28B43E7B9FF7}.Debug|x86.Build.0 = Debug|Any CPU
		{A00A9514-32DB-42D1-BE64-28B43E7B9FF7}.Release|Any CPU.ActiveCfg = Release|Any CPU
		{A00A9514-32DB-42D1-BE64-28B43E7B9FF7}.Release|Any CPU.Build.0 = Release|Any CPU
		{A00A9514-32DB-42D1-BE64-28B43E7B9FF7}.Release|x64.ActiveCfg = Release|Any CPU
		{A00A9514-32DB-42D1-BE64-28B43E7B9FF7}.Release|x64.Build.0 = Release|Any CPU
		{A00A9514-32DB-42D1-BE64-28B43E7B9FF7}.Release|x86.ActiveCfg = Release|Any CPU
		{A00A9514-32DB-42D1-BE64-28B43E7B9FF7}.Release|x86.Build.0 = Release|Any CPU
		{AE397592-B00B-47B9-8A58-3BF4C6811F48}.Debug|Any CPU.ActiveCfg = Debug|Any CPU
		{AE397592-B00B-47B9-8A58-3BF4C6811F48}.Debug|Any CPU.Build.0 = Debug|Any CPU
		{AE397592-B00B-47B9-8A58-3BF4C6811F48}.Debug|x64.ActiveCfg = Debug|Any CPU
		{AE397592-B00B-47B9-8A58-3BF4C6811F48}.Debug|x64.Build.0 = Debug|Any CPU
		{AE397592-B00B-47B9-8A58-3BF4C6811F48}.Debug|x86.ActiveCfg = Debug|Any CPU
		{AE397592-B00B-47B9-8A58-3BF4C6811F48}.Debug|x86.Build.0 = Debug|Any CPU
		{AE397592-B00B-47B9-8A58-3BF4C6811F48}.Release|Any CPU.ActiveCfg = Release|Any CPU
		{AE397592-B00B-47B9-8A58-3BF4C6811F48}.Release|Any CPU.Build.0 = Release|Any CPU
		{AE397592-B00B-47B9-8A58-3BF4C6811F48}.Release|x64.ActiveCfg = Release|Any CPU
		{AE397592-B00B-47B9-8A58-3BF4C6811F48}.Release|x64.Build.0 = Release|Any CPU
		{AE397592-B00B-47B9-8A58-3BF4C6811F48}.Release|x86.ActiveCfg = Release|Any CPU
		{AE397592-B00B-47B9-8A58-3BF4C6811F48}.Release|x86.Build.0 = Release|Any CPU
		{6D8DB067-4157-430A-976A-E382A92502A2}.Debug|Any CPU.ActiveCfg = Debug|Any CPU
		{6D8DB067-4157-430A-976A-E382A92502A2}.Debug|Any CPU.Build.0 = Debug|Any CPU
		{6D8DB067-4157-430A-976A-E382A92502A2}.Debug|x64.ActiveCfg = Debug|Any CPU
		{6D8DB067-4157-430A-976A-E382A92502A2}.Debug|x64.Build.0 = Debug|Any CPU
		{6D8DB067-4157-430A-976A-E382A92502A2}.Debug|x86.ActiveCfg = Debug|Any CPU
		{6D8DB067-4157-430A-976A-E382A92502A2}.Debug|x86.Build.0 = Debug|Any CPU
		{6D8DB067-4157-430A-976A-E382A92502A2}.Release|Any CPU.ActiveCfg = Release|Any CPU
		{6D8DB067-4157-430A-976A-E382A92502A2}.Release|Any CPU.Build.0 = Release|Any CPU
		{6D8DB067-4157-430A-976A-E382A92502A2}.Release|x64.ActiveCfg = Release|Any CPU
		{6D8DB067-4157-430A-976A-E382A92502A2}.Release|x64.Build.0 = Release|Any CPU
		{6D8DB067-4157-430A-976A-E382A92502A2}.Release|x86.ActiveCfg = Release|Any CPU
		{6D8DB067-4157-430A-976A-E382A92502A2}.Release|x86.Build.0 = Release|Any CPU
		{876C61E7-2DC3-4DA2-AB34-1366359BE58F}.Debug|Any CPU.ActiveCfg = Debug|Any CPU
		{876C61E7-2DC3-4DA2-AB34-1366359BE58F}.Debug|Any CPU.Build.0 = Debug|Any CPU
		{876C61E7-2DC3-4DA2-AB34-1366359BE58F}.Debug|x64.ActiveCfg = Debug|Any CPU
		{876C61E7-2DC3-4DA2-AB34-1366359BE58F}.Debug|x64.Build.0 = Debug|Any CPU
		{876C61E7-2DC3-4DA2-AB34-1366359BE58F}.Debug|x86.ActiveCfg = Debug|Any CPU
		{876C61E7-2DC3-4DA2-AB34-1366359BE58F}.Debug|x86.Build.0 = Debug|Any CPU
		{876C61E7-2DC3-4DA2-AB34-1366359BE58F}.Release|Any CPU.ActiveCfg = Release|Any CPU
		{876C61E7-2DC3-4DA2-AB34-1366359BE58F}.Release|Any CPU.Build.0 = Release|Any CPU
		{876C61E7-2DC3-4DA2-AB34-1366359BE58F}.Release|x64.ActiveCfg = Release|Any CPU
		{876C61E7-2DC3-4DA2-AB34-1366359BE58F}.Release|x64.Build.0 = Release|Any CPU
		{876C61E7-2DC3-4DA2-AB34-1366359BE58F}.Release|x86.ActiveCfg = Release|Any CPU
		{876C61E7-2DC3-4DA2-AB34-1366359BE58F}.Release|x86.Build.0 = Release|Any CPU
		{1A32606C-49F9-4BEF-833F-58CB77011AFE}.Debug|Any CPU.ActiveCfg = Debug|Any CPU
		{1A32606C-49F9-4BEF-833F-58CB77011AFE}.Debug|Any CPU.Build.0 = Debug|Any CPU
		{1A32606C-49F9-4BEF-833F-58CB77011AFE}.Debug|x64.ActiveCfg = Debug|Any CPU
		{1A32606C-49F9-4BEF-833F-58CB77011AFE}.Debug|x64.Build.0 = Debug|Any CPU
		{1A32606C-49F9-4BEF-833F-58CB77011AFE}.Debug|x86.ActiveCfg = Debug|Any CPU
		{1A32606C-49F9-4BEF-833F-58CB77011AFE}.Debug|x86.Build.0 = Debug|Any CPU
		{1A32606C-49F9-4BEF-833F-58CB77011AFE}.Release|Any CPU.ActiveCfg = Release|Any CPU
		{1A32606C-49F9-4BEF-833F-58CB77011AFE}.Release|Any CPU.Build.0 = Release|Any CPU
		{1A32606C-49F9-4BEF-833F-58CB77011AFE}.Release|x64.ActiveCfg = Release|Any CPU
		{1A32606C-49F9-4BEF-833F-58CB77011AFE}.Release|x64.Build.0 = Release|Any CPU
		{1A32606C-49F9-4BEF-833F-58CB77011AFE}.Release|x86.ActiveCfg = Release|Any CPU
		{1A32606C-49F9-4BEF-833F-58CB77011AFE}.Release|x86.Build.0 = Release|Any CPU
		{67CE00C9-0FC3-48AC-AA9B-28F868F2813D}.Debug|Any CPU.ActiveCfg = Debug|Any CPU
		{67CE00C9-0FC3-48AC-AA9B-28F868F2813D}.Debug|Any CPU.Build.0 = Debug|Any CPU
		{67CE00C9-0FC3-48AC-AA9B-28F868F2813D}.Debug|x64.ActiveCfg = Debug|Any CPU
		{67CE00C9-0FC3-48AC-AA9B-28F868F2813D}.Debug|x64.Build.0 = Debug|Any CPU
		{67CE00C9-0FC3-48AC-AA9B-28F868F2813D}.Debug|x86.ActiveCfg = Debug|Any CPU
		{67CE00C9-0FC3-48AC-AA9B-28F868F2813D}.Debug|x86.Build.0 = Debug|Any CPU
		{67CE00C9-0FC3-48AC-AA9B-28F868F2813D}.Release|Any CPU.ActiveCfg = Release|Any CPU
		{67CE00C9-0FC3-48AC-AA9B-28F868F2813D}.Release|Any CPU.Build.0 = Release|Any CPU
		{67CE00C9-0FC3-48AC-AA9B-28F868F2813D}.Release|x64.ActiveCfg = Release|Any CPU
		{67CE00C9-0FC3-48AC-AA9B-28F868F2813D}.Release|x64.Build.0 = Release|Any CPU
		{67CE00C9-0FC3-48AC-AA9B-28F868F2813D}.Release|x86.ActiveCfg = Release|Any CPU
		{67CE00C9-0FC3-48AC-AA9B-28F868F2813D}.Release|x86.Build.0 = Release|Any CPU
		{3929779B-2DCC-483D-B3FE-51953DF6B70C}.Debug|Any CPU.ActiveCfg = Debug|Any CPU
		{3929779B-2DCC-483D-B3FE-51953DF6B70C}.Debug|Any CPU.Build.0 = Debug|Any CPU
		{3929779B-2DCC-483D-B3FE-51953DF6B70C}.Debug|x64.ActiveCfg = Debug|Any CPU
		{3929779B-2DCC-483D-B3FE-51953DF6B70C}.Debug|x64.Build.0 = Debug|Any CPU
		{3929779B-2DCC-483D-B3FE-51953DF6B70C}.Debug|x86.ActiveCfg = Debug|Any CPU
		{3929779B-2DCC-483D-B3FE-51953DF6B70C}.Debug|x86.Build.0 = Debug|Any CPU
		{3929779B-2DCC-483D-B3FE-51953DF6B70C}.Release|Any CPU.ActiveCfg = Release|Any CPU
		{3929779B-2DCC-483D-B3FE-51953DF6B70C}.Release|Any CPU.Build.0 = Release|Any CPU
		{3929779B-2DCC-483D-B3FE-51953DF6B70C}.Release|x64.ActiveCfg = Release|Any CPU
		{3929779B-2DCC-483D-B3FE-51953DF6B70C}.Release|x64.Build.0 = Release|Any CPU
		{3929779B-2DCC-483D-B3FE-51953DF6B70C}.Release|x86.ActiveCfg = Release|Any CPU
		{3929779B-2DCC-483D-B3FE-51953DF6B70C}.Release|x86.Build.0 = Release|Any CPU
		{1F7B5F27-EC2B-4C4B-8EE7-5E114DEC5210}.Debug|Any CPU.ActiveCfg = Debug|Any CPU
		{1F7B5F27-EC2B-4C4B-8EE7-5E114DEC5210}.Debug|Any CPU.Build.0 = Debug|Any CPU
		{1F7B5F27-EC2B-4C4B-8EE7-5E114DEC5210}.Debug|x64.ActiveCfg = Debug|Any CPU
		{1F7B5F27-EC2B-4C4B-8EE7-5E114DEC5210}.Debug|x64.Build.0 = Debug|Any CPU
		{1F7B5F27-EC2B-4C4B-8EE7-5E114DEC5210}.Debug|x86.ActiveCfg = Debug|Any CPU
		{1F7B5F27-EC2B-4C4B-8EE7-5E114DEC5210}.Debug|x86.Build.0 = Debug|Any CPU
		{1F7B5F27-EC2B-4C4B-8EE7-5E114DEC5210}.Release|Any CPU.ActiveCfg = Release|Any CPU
		{1F7B5F27-EC2B-4C4B-8EE7-5E114DEC5210}.Release|Any CPU.Build.0 = Release|Any CPU
		{1F7B5F27-EC2B-4C4B-8EE7-5E114DEC5210}.Release|x64.ActiveCfg = Release|Any CPU
		{1F7B5F27-EC2B-4C4B-8EE7-5E114DEC5210}.Release|x64.Build.0 = Release|Any CPU
		{1F7B5F27-EC2B-4C4B-8EE7-5E114DEC5210}.Release|x86.ActiveCfg = Release|Any CPU
		{1F7B5F27-EC2B-4C4B-8EE7-5E114DEC5210}.Release|x86.Build.0 = Release|Any CPU
		{C555C3CF-7F6F-4D04-8E1C-0C947BB60F8D}.Debug|Any CPU.ActiveCfg = Debug|Any CPU
		{C555C3CF-7F6F-4D04-8E1C-0C947BB60F8D}.Debug|Any CPU.Build.0 = Debug|Any CPU
		{C555C3CF-7F6F-4D04-8E1C-0C947BB60F8D}.Debug|x64.ActiveCfg = Debug|Any CPU
		{C555C3CF-7F6F-4D04-8E1C-0C947BB60F8D}.Debug|x64.Build.0 = Debug|Any CPU
		{C555C3CF-7F6F-4D04-8E1C-0C947BB60F8D}.Debug|x86.ActiveCfg = Debug|Any CPU
		{C555C3CF-7F6F-4D04-8E1C-0C947BB60F8D}.Debug|x86.Build.0 = Debug|Any CPU
		{C555C3CF-7F6F-4D04-8E1C-0C947BB60F8D}.Release|Any CPU.ActiveCfg = Release|Any CPU
		{C555C3CF-7F6F-4D04-8E1C-0C947BB60F8D}.Release|Any CPU.Build.0 = Release|Any CPU
		{C555C3CF-7F6F-4D04-8E1C-0C947BB60F8D}.Release|x64.ActiveCfg = Release|Any CPU
		{C555C3CF-7F6F-4D04-8E1C-0C947BB60F8D}.Release|x64.Build.0 = Release|Any CPU
		{C555C3CF-7F6F-4D04-8E1C-0C947BB60F8D}.Release|x86.ActiveCfg = Release|Any CPU
		{C555C3CF-7F6F-4D04-8E1C-0C947BB60F8D}.Release|x86.Build.0 = Release|Any CPU
		{3935DC8C-33D8-4706-8E21-371842E677AC}.Debug|Any CPU.ActiveCfg = Debug|Any CPU
		{3935DC8C-33D8-4706-8E21-371842E677AC}.Debug|Any CPU.Build.0 = Debug|Any CPU
		{3935DC8C-33D8-4706-8E21-371842E677AC}.Debug|x64.ActiveCfg = Debug|Any CPU
		{3935DC8C-33D8-4706-8E21-371842E677AC}.Debug|x64.Build.0 = Debug|Any CPU
		{3935DC8C-33D8-4706-8E21-371842E677AC}.Debug|x86.ActiveCfg = Debug|Any CPU
		{3935DC8C-33D8-4706-8E21-371842E677AC}.Debug|x86.Build.0 = Debug|Any CPU
		{3935DC8C-33D8-4706-8E21-371842E677AC}.Release|Any CPU.ActiveCfg = Release|Any CPU
		{3935DC8C-33D8-4706-8E21-371842E677AC}.Release|Any CPU.Build.0 = Release|Any CPU
		{3935DC8C-33D8-4706-8E21-371842E677AC}.Release|x64.ActiveCfg = Release|Any CPU
		{3935DC8C-33D8-4706-8E21-371842E677AC}.Release|x64.Build.0 = Release|Any CPU
		{3935DC8C-33D8-4706-8E21-371842E677AC}.Release|x86.ActiveCfg = Release|Any CPU
		{3935DC8C-33D8-4706-8E21-371842E677AC}.Release|x86.Build.0 = Release|Any CPU
		{B3FB99B7-6FA8-433B-815F-EA1C8E1468E1}.Debug|Any CPU.ActiveCfg = Debug|Any CPU
		{B3FB99B7-6FA8-433B-815F-EA1C8E1468E1}.Debug|Any CPU.Build.0 = Debug|Any CPU
		{B3FB99B7-6FA8-433B-815F-EA1C8E1468E1}.Debug|x64.ActiveCfg = Debug|Any CPU
		{B3FB99B7-6FA8-433B-815F-EA1C8E1468E1}.Debug|x64.Build.0 = Debug|Any CPU
		{B3FB99B7-6FA8-433B-815F-EA1C8E1468E1}.Debug|x86.ActiveCfg = Debug|Any CPU
		{B3FB99B7-6FA8-433B-815F-EA1C8E1468E1}.Debug|x86.Build.0 = Debug|Any CPU
		{B3FB99B7-6FA8-433B-815F-EA1C8E1468E1}.Release|Any CPU.ActiveCfg = Release|Any CPU
		{B3FB99B7-6FA8-433B-815F-EA1C8E1468E1}.Release|Any CPU.Build.0 = Release|Any CPU
		{B3FB99B7-6FA8-433B-815F-EA1C8E1468E1}.Release|x64.ActiveCfg = Release|Any CPU
		{B3FB99B7-6FA8-433B-815F-EA1C8E1468E1}.Release|x64.Build.0 = Release|Any CPU
		{B3FB99B7-6FA8-433B-815F-EA1C8E1468E1}.Release|x86.ActiveCfg = Release|Any CPU
		{B3FB99B7-6FA8-433B-815F-EA1C8E1468E1}.Release|x86.Build.0 = Release|Any CPU
		{16F2214B-B20A-4156-B34C-B3678174449E}.Debug|Any CPU.ActiveCfg = Debug|Any CPU
		{16F2214B-B20A-4156-B34C-B3678174449E}.Debug|Any CPU.Build.0 = Debug|Any CPU
		{16F2214B-B20A-4156-B34C-B3678174449E}.Debug|x64.ActiveCfg = Debug|Any CPU
		{16F2214B-B20A-4156-B34C-B3678174449E}.Debug|x64.Build.0 = Debug|Any CPU
		{16F2214B-B20A-4156-B34C-B3678174449E}.Debug|x86.ActiveCfg = Debug|Any CPU
		{16F2214B-B20A-4156-B34C-B3678174449E}.Debug|x86.Build.0 = Debug|Any CPU
		{16F2214B-B20A-4156-B34C-B3678174449E}.Release|Any CPU.ActiveCfg = Release|Any CPU
		{16F2214B-B20A-4156-B34C-B3678174449E}.Release|Any CPU.Build.0 = Release|Any CPU
		{16F2214B-B20A-4156-B34C-B3678174449E}.Release|x64.ActiveCfg = Release|Any CPU
		{16F2214B-B20A-4156-B34C-B3678174449E}.Release|x64.Build.0 = Release|Any CPU
		{16F2214B-B20A-4156-B34C-B3678174449E}.Release|x86.ActiveCfg = Release|Any CPU
		{16F2214B-B20A-4156-B34C-B3678174449E}.Release|x86.Build.0 = Release|Any CPU
	EndGlobalSection
	GlobalSection(SolutionProperties) = preSolution
		HideSolutionNode = FALSE
	EndGlobalSection
	GlobalSection(NestedProjects) = preSolution
		{C2D6DAB3-5209-410E-B796-B7E5EC569701} = {07D36DAA-6684-4F18-867D-D69B1FAA2FDC}
		{69D7D351-1F2C-4B83-9D53-E768BABAD14A} = {C2D6DAB3-5209-410E-B796-B7E5EC569701}
		{B8E3D435-0A7D-424E-9D6A-E479A8357EE4} = {C2D6DAB3-5209-410E-B796-B7E5EC569701}
		{11A10E65-12EC-49B0-AD67-DAB95F8A2E1A} = {C2D6DAB3-5209-410E-B796-B7E5EC569701}
		{5F472EBC-0262-4394-B208-9197C85C9D14} = {C2D6DAB3-5209-410E-B796-B7E5EC569701}
		{649C5D8D-4505-4DCC-BB32-988C739813C4} = {C2D6DAB3-5209-410E-B796-B7E5EC569701}
		{67B22D90-0DFD-4B0E-9360-F7B8B6B243A6} = {C2D6DAB3-5209-410E-B796-B7E5EC569701}
		{3D95E149-E35C-4B67-AA25-E2FB27E1731D} = {07D36DAA-6684-4F18-867D-D69B1FAA2FDC}
		{055DCAC4-E868-47F1-B2E4-898BA63507B7} = {3D95E149-E35C-4B67-AA25-E2FB27E1731D}
		{CFFCB0C1-7600-4150-AF85-96D0F11898B7} = {3D95E149-E35C-4B67-AA25-E2FB27E1731D}
		{7D873D8B-7A9C-4690-BE55-5D18D9B7E942} = {3D95E149-E35C-4B67-AA25-E2FB27E1731D}
		{2E9C38F2-8F7F-4D84-A905-0AE81E90B25A} = {3D95E149-E35C-4B67-AA25-E2FB27E1731D}
		{027CCF4E-B3FD-4165-8A7D-7E46C83F5543} = {3D95E149-E35C-4B67-AA25-E2FB27E1731D}
		{558CC3BB-6435-40A5-947D-639F6A66881E} = {07D36DAA-6684-4F18-867D-D69B1FAA2FDC}
		{A00A9514-32DB-42D1-BE64-28B43E7B9FF7} = {558CC3BB-6435-40A5-947D-639F6A66881E}
		{AE397592-B00B-47B9-8A58-3BF4C6811F48} = {3D95E149-E35C-4B67-AA25-E2FB27E1731D}
		{7852B2D0-E0A7-4A0C-9CA7-F8978B73A0BA} = {07D36DAA-6684-4F18-867D-D69B1FAA2FDC}
		{6D8DB067-4157-430A-976A-E382A92502A2} = {7852B2D0-E0A7-4A0C-9CA7-F8978B73A0BA}
		{876C61E7-2DC3-4DA2-AB34-1366359BE58F} = {C2D6DAB3-5209-410E-B796-B7E5EC569701}
		{1A32606C-49F9-4BEF-833F-58CB77011AFE} = {3D95E149-E35C-4B67-AA25-E2FB27E1731D}
		{D1FB9BB2-40DE-CE89-C69D-08B3AE6579B8} = {07D36DAA-6684-4F18-867D-D69B1FAA2FDC}
		{67CE00C9-0FC3-48AC-AA9B-28F868F2813D} = {D1FB9BB2-40DE-CE89-C69D-08B3AE6579B8}
		{3929779B-2DCC-483D-B3FE-51953DF6B70C} = {D1FB9BB2-40DE-CE89-C69D-08B3AE6579B8}
		{1F7B5F27-EC2B-4C4B-8EE7-5E114DEC5210} = {D1FB9BB2-40DE-CE89-C69D-08B3AE6579B8}
		{4D3DA985-7E19-4C20-950B-6AAA8B1413DA} = {07D36DAA-6684-4F18-867D-D69B1FAA2FDC}
		{C555C3CF-7F6F-4D04-8E1C-0C947BB60F8D} = {4D3DA985-7E19-4C20-950B-6AAA8B1413DA}
		{3935DC8C-33D8-4706-8E21-371842E677AC} = {0AB3BF05-4346-4AA6-1389-037BE0695223}
		{B3FB99B7-6FA8-433B-815F-EA1C8E1468E1} = {0AB3BF05-4346-4AA6-1389-037BE0695223}
		{16F2214B-B20A-4156-B34C-B3678174449E} = {0AB3BF05-4346-4AA6-1389-037BE0695223}
	EndGlobalSection
EndGlobal
